{
  "version": 4,
  "terraform_version": "1.2.9",
  "serial": 4,
  "lineage": "0bd5f159-d721-d142-f162-2cbf748cdd14",
  "outputs": {},
  "resources": [
    {
      "mode": "managed",
      "type": "aws_iam_user",
      "name": "iam",
      "provider": "provider[\"registry.terraform.io/hashicorp/aws\"]",
      "instances": [
        {
          "index_key": "user1",
          "schema_version": 0,
          "attributes": {
            "arn": "arn:aws:iam::473591177876:user/user1",
            "force_destroy": false,
            "id": "user1",
            "name": "user1",
            "path": "/",
            "permissions_boundary": null,
            "tags": null,
            "tags_all": {},
            "unique_id": "AIDAW4RB34KKIYLHLULP7"
          },
          "sensitive_attributes": [],
          "private": "bnVsbA=="
        },
        {
          "index_key": "user2",
          "schema_version": 0,
          "attributes": {
            "arn": "arn:aws:iam::473591177876:user/user2",
            "force_destroy": false,
            "id": "user2",
            "name": "user2",
            "path": "/",
            "permissions_boundary": null,
            "tags": null,
            "tags_all": {},
            "unique_id": "AIDAW4RB34KKDGTFPJME6"
          },
          "sensitive_attributes": [],
          "private": "bnVsbA=="
        },
        {
          "index_key": "user3",
          "schema_version": 0,
          "attributes": {
            "arn": "arn:aws:iam::473591177876:user/user3",
            "force_destroy": false,
            "id": "user3",
            "name": "user3",
            "path": "/",
            "permissions_boundary": null,
            "tags": null,
            "tags_all": {},
            "unique_id": "AIDAW4RB34KKNTBMSERKJ"
          },
          "sensitive_attributes": [],
          "private": "bnVsbA=="
        }
      ]
    }
  ]
}
